
Microsoft Visual Studio Solution File, Format Version 12.00
# Visual Studio Version 17
VisualStudioVersion = 17.14.36310.24 d17.14
MinimumVisualStudioVersion = 10.0.40219.1
Project("{8BC9CEB8-8B4A-11D0-8D11-00A0C91BC942}") = "WinsockServer", "WinsockServer\WinsockServer.vcxproj", "{60004A52-1ED1-47E1-B384-0470679E6F7D}"
EndProject
Project("{8BC9CEB8-8B4A-11D0-8D11-00A0C91BC942}") = "WinsockClient", "WinsockClient\WinsockClient.vcxproj", "{C4F85192-D8EE-4151-B8E8-629276A4FD29}"
EndProject
Global
	GlobalSection(SolutionConfigurationPlatforms) = preSolution
		Debug|x64 = Debug|x64
		Debug|x86 = Debug|x86
		Release|x64 = Release|x64
		Release|x86 = Release|x86
	EndGlobalSection
	GlobalSection(ProjectConfigurationPlatforms) = postSolution
		{60004A52-1ED1-47E1-B384-0470679E6F7D}.Debug|x64.ActiveCfg = Debug|x64
		{60004A52-1ED1-47E1-B384-0470679E6F7D}.Debug|x64.Build.0 = Debug|x64
		{60004A52-1ED1-47E1-B384-0470679E6F7D}.Debug|x86.ActiveCfg = Debug|Win32
		{60004A52-1ED1-47E1-B384-0470679E6F7D}.Debug|x86.Build.0 = Debug|Win32
		{60004A52-1ED1-47E1-B384-0470679E6F7D}.Release|x64.ActiveCfg = Release|x64
		{60004A52-1ED1-47E1-B384-0470679E6F7D}.Release|x64.Build.0 = Release|x64
		{60004A52-1ED1-47E1-B384-0470679E6F7D}.Release|x86.ActiveCfg = Release|Win32
		{60004A52-1ED1-47E1-B384-0470679E6F7D}.Release|x86.Build.0 = Release|Win32
		{C4F85192-D8EE-4151-B8E8-629276A4FD29}.Debug|x64.ActiveCfg = Debug|x64
		{C4F85192-D8EE-4151-B8E8-629276A4FD29}.Debug|x64.Build.0 = Debug|x64
		{C4F85192-D8EE-4151-B8E8-629276A4FD29}.Debug|x86.ActiveCfg = Debug|Win32
		{C4F85192-D8EE-4151-B8E8-629276A4FD29}.Debug|x86.Build.0 = Debug|Win32
		{C4F85192-D8EE-4151-B8E8-629276A4FD29}.Release|x64.ActiveCfg = Release|x64
		{C4F85192-D8EE-4151-B8E8-629276A4FD29}.Release|x64.Build.0 = Release|x64
		{C4F85192-D8EE-4151-B8E8-629276A4FD29}.Release|x86.ActiveCfg = Release|Win32
		{C4F85192-D8EE-4151-B8E8-629276A4FD29}.Release|x86.Build.0 = Release|Win32
	EndGlobalSection
	GlobalSection(SolutionProperties) = preSolution
		HideSolutionNode = FALSE
	EndGlobalSection
	GlobalSection(ExtensibilityGlobals) = postSolution
		SolutionGuid = {56C76355-9AB3-423A-BF1E-300C07A01D58}
	EndGlobalSection
EndGlobal
